
Microsoft Visual Studio Solution File, Format Version 12.00
# Visual Studio Version 17
VisualStudioVersion = 17.11.35219.272
MinimumVisualStudioVersion = 10.0.40219.1
Project("{FAE04EC0-301F-11D3-BF4B-00C04F79EFBC}") = "redbadger.martianrobot.game", "redbadger.martianrobot.game\redbadger.martianrobot.game.csproj", "{20154092-4D9C-4CFD-A81F-36FBC0F0A21F}"
EndProject
Global
	GlobalSection(SolutionConfigurationPlatforms) = preSolution
		Debug|Any CPU = Debug|Any CPU
		Release|Any CPU = Release|Any CPU
	EndGlobalSection
	GlobalSection(ProjectConfigurationPlatforms) = postSolution
		{20154092-4D9C-4CFD-A81F-36FBC0F0A21F}.Debug|Any CPU.ActiveCfg = Debug|Any CPU
		{20154092-4D9C-4CFD-A81F-36FBC0F0A21F}.Debug|Any CPU.Build.0 = Debug|Any CPU
		{20154092-4D9C-4CFD-A81F-36FBC0F0A21F}.Release|Any CPU.ActiveCfg = Release|Any CPU
		{20154092-4D9C-4CFD-A81F-36FBC0F0A21F}.Release|Any CPU.Build.0 = Release|Any CPU
	EndGlobalSection
	GlobalSection(SolutionProperties) = preSolution
		HideSolutionNode = FALSE
	EndGlobalSection
	GlobalSection(ExtensibilityGlobals) = postSolution
		SolutionGuid = {19BCFD76-26DE-4749-B565-A0BF1EAC8A1B}
	EndGlobalSection
EndGlobal
